// !$*UTF8*$!
{
	archiveVersion = 1;
	classes = {
	};
	objectVersion = 46;
	objects = {

/* Begin PBXBuildFile section */
		3D0375FE0AE930DD2B38F5CF /* Pods_AGHacks.framework in Frameworks */ = {isa = PBXBuildFile; fileRef = 8A58FC0EDB269DAB617F33CC /* Pods_AGHacks.framework */; };
		951CD2F41BDBC248009239AD /* UINavigationBar+GiftyNavigationBar.m in Sources */ = {isa = PBXBuildFile; fileRef = 951CD2F31BDBC248009239AD /* UINavigationBar+GiftyNavigationBar.m */; settings = {ASSET_TAGS = (); }; };
		951CD2F71BDBC2F2009239AD /* InterestsViewController.m in Sources */ = {isa = PBXBuildFile; fileRef = 951CD2F61BDBC2F1009239AD /* InterestsViewController.m */; settings = {ASSET_TAGS = (); }; };
		951CD2FE1BDBD11D009239AD /* MapViewController.m in Sources */ = {isa = PBXBuildFile; fileRef = 951CD2FD1BDBD11D009239AD /* MapViewController.m */; settings = {ASSET_TAGS = (); }; };
		951CD3021BDBD329009239AD /* CharacterInfoViewController.m in Sources */ = {isa = PBXBuildFile; fileRef = 951CD3011BDBD329009239AD /* CharacterInfoViewController.m */; settings = {ASSET_TAGS = (); }; };
		95231F071BDADD110060776C /* Podfile in Resources */ = {isa = PBXBuildFile; fileRef = 95231F061BDADD110060776C /* Podfile */; settings = {ASSET_TAGS = (); }; };
		95231F0A1BDAE35F0060776C /* LoaderViewController.m in Sources */ = {isa = PBXBuildFile; fileRef = 95231F091BDAE35F0060776C /* LoaderViewController.m */; settings = {ASSET_TAGS = (); }; };
		95231F0D1BDAE6470060776C /* UIColor+HexString.m in Sources */ = {isa = PBXBuildFile; fileRef = 95231F0C1BDAE6470060776C /* UIColor+HexString.m */; settings = {ASSET_TAGS = (); }; };
		95231F101BDAE6660060776C /* UIBezierPath+Shapes.m in Sources */ = {isa = PBXBuildFile; fileRef = 95231F0F1BDAE6660060776C /* UIBezierPath+Shapes.m */; settings = {ASSET_TAGS = (); }; };
		95231F131BDAF1B60060776C /* MainViewController.m in Sources */ = {isa = PBXBuildFile; fileRef = 95231F121BDAF1B60060776C /* MainViewController.m */; settings = {ASSET_TAGS = (); }; };
		95231F161BDB03390060776C /* BasicInfoViewController.m in Sources */ = {isa = PBXBuildFile; fileRef = 95231F151BDB03390060776C /* BasicInfoViewController.m */; settings = {ASSET_TAGS = (); }; };
		9F3BE6C41BDA71660020F023 /* main.m in Sources */ = {isa = PBXBuildFile; fileRef = 9F3BE6C31BDA71660020F023 /* main.m */; };
		9F3BE6C71BDA71660020F023 /* AppDelegate.m in Sources */ = {isa = PBXBuildFile; fileRef = 9F3BE6C61BDA71660020F023 /* AppDelegate.m */; };
		9F3BE6CA1BDA71660020F023 /* ViewController.m in Sources */ = {isa = PBXBuildFile; fileRef = 9F3BE6C91BDA71660020F023 /* ViewController.m */; };
		9F3BE6CD1BDA71660020F023 /* Main.storyboard in Resources */ = {isa = PBXBuildFile; fileRef = 9F3BE6CB1BDA71660020F023 /* Main.storyboard */; };
		9F3BE6CF1BDA71660020F023 /* Assets.xcassets in Resources */ = {isa = PBXBuildFile; fileRef = 9F3BE6CE1BDA71660020F023 /* Assets.xcassets */; };
		9F3BE6D21BDA71660020F023 /* LaunchScreen.storyboard in Resources */ = {isa = PBXBuildFile; fileRef = 9F3BE6D01BDA71660020F023 /* LaunchScreen.storyboard */; };
		9FDB68841BDBB65800A50118 /* Gift.m in Sources */ = {isa = PBXBuildFile; fileRef = 9FDB68831BDBB65800A50118 /* Gift.m */; settings = {ASSET_TAGS = (); }; };
		9FDB68871BDBB66600A50118 /* GiftManager.m in Sources */ = {isa = PBXBuildFile; fileRef = 9FDB68861BDBB66600A50118 /* GiftManager.m */; settings = {ASSET_TAGS = (); }; };
		9FDB68911BDBE4A800A50118 /* ChoiceModel.m in Sources */ = {isa = PBXBuildFile; fileRef = 9FDB68901BDBE4A800A50118 /* ChoiceModel.m */; settings = {ASSET_TAGS = (); }; };
/* End PBXBuildFile section */

/* Begin PBXFileReference section */
		03479257620B0499A9D8FA2E /* Pods-AGHacks.release.xcconfig */ = {isa = PBXFileReference; includeInIndex = 1; lastKnownFileType = text.xcconfig; name = "Pods-AGHacks.release.xcconfig"; path = "Pods/Target Support Files/Pods-AGHacks/Pods-AGHacks.release.xcconfig"; sourceTree = "<group>"; };
		2D9F1D0B9373DD06AA8F1527 /* Pods-AGHacks.debug.xcconfig */ = {isa = PBXFileReference; includeInIndex = 1; lastKnownFileType = text.xcconfig; name = "Pods-AGHacks.debug.xcconfig"; path = "Pods/Target Support Files/Pods-AGHacks/Pods-AGHacks.debug.xcconfig"; sourceTree = "<group>"; };
		8A58FC0EDB269DAB617F33CC /* Pods_AGHacks.framework */ = {isa = PBXFileReference; explicitFileType = wrapper.framework; includeInIndex = 0; path = Pods_AGHacks.framework; sourceTree = BUILT_PRODUCTS_DIR; };
		951CD2F21BDBC248009239AD /* UINavigationBar+GiftyNavigationBar.h */ = {isa = PBXFileReference; fileEncoding = 4; lastKnownFileType = sourcecode.c.h; path = "UINavigationBar+GiftyNavigationBar.h"; sourceTree = "<group>"; };
		951CD2F31BDBC248009239AD /* UINavigationBar+GiftyNavigationBar.m */ = {isa = PBXFileReference; fileEncoding = 4; lastKnownFileType = sourcecode.c.objc; path = "UINavigationBar+GiftyNavigationBar.m"; sourceTree = "<group>"; };
		951CD2F51BDBC2F1009239AD /* InterestsViewController.h */ = {isa = PBXFileReference; fileEncoding = 4; lastKnownFileType = sourcecode.c.h; path = InterestsViewController.h; sourceTree = "<group>"; };
		951CD2F61BDBC2F1009239AD /* InterestsViewController.m */ = {isa = PBXFileReference; fileEncoding = 4; lastKnownFileType = sourcecode.c.objc; path = InterestsViewController.m; sourceTree = "<group>"; };
		951CD2FC1BDBD11D009239AD /* MapViewController.h */ = {isa = PBXFileReference; fileEncoding = 4; lastKnownFileType = sourcecode.c.h; path = MapViewController.h; sourceTree = "<group>"; };
		951CD2FD1BDBD11D009239AD /* MapViewController.m */ = {isa = PBXFileReference; fileEncoding = 4; lastKnownFileType = sourcecode.c.objc; path = MapViewController.m; sourceTree = "<group>"; };
		951CD3001BDBD329009239AD /* CharacterInfoViewController.h */ = {isa = PBXFileReference; fileEncoding = 4; lastKnownFileType = sourcecode.c.h; path = CharacterInfoViewController.h; sourceTree = "<group>"; };
		951CD3011BDBD329009239AD /* CharacterInfoViewController.m */ = {isa = PBXFileReference; fileEncoding = 4; lastKnownFileType = sourcecode.c.objc; path = CharacterInfoViewController.m; sourceTree = "<group>"; };
		95231F061BDADD110060776C /* Podfile */ = {isa = PBXFileReference; fileEncoding = 4; lastKnownFileType = text; path = Podfile; sourceTree = "<group>"; xcLanguageSpecificationIdentifier = xcode.lang.ruby; };
		95231F081BDAE35F0060776C /* LoaderViewController.h */ = {isa = PBXFileReference; fileEncoding = 4; lastKnownFileType = sourcecode.c.h; path = LoaderViewController.h; sourceTree = "<group>"; };
		95231F091BDAE35F0060776C /* LoaderViewController.m */ = {isa = PBXFileReference; fileEncoding = 4; lastKnownFileType = sourcecode.c.objc; path = LoaderViewController.m; sourceTree = "<group>"; };
		95231F0B1BDAE6470060776C /* UIColor+HexString.h */ = {isa = PBXFileReference; fileEncoding = 4; lastKnownFileType = sourcecode.c.h; path = "UIColor+HexString.h"; sourceTree = "<group>"; };
		95231F0C1BDAE6470060776C /* UIColor+HexString.m */ = {isa = PBXFileReference; fileEncoding = 4; lastKnownFileType = sourcecode.c.objc; path = "UIColor+HexString.m"; sourceTree = "<group>"; };
		95231F0E1BDAE6660060776C /* UIBezierPath+Shapes.h */ = {isa = PBXFileReference; fileEncoding = 4; lastKnownFileType = sourcecode.c.h; path = "UIBezierPath+Shapes.h"; sourceTree = "<group>"; };
		95231F0F1BDAE6660060776C /* UIBezierPath+Shapes.m */ = {isa = PBXFileReference; fileEncoding = 4; lastKnownFileType = sourcecode.c.objc; path = "UIBezierPath+Shapes.m"; sourceTree = "<group>"; };
		95231F111BDAF1B60060776C /* MainViewController.h */ = {isa = PBXFileReference; fileEncoding = 4; lastKnownFileType = sourcecode.c.h; path = MainViewController.h; sourceTree = "<group>"; };
		95231F121BDAF1B60060776C /* MainViewController.m */ = {isa = PBXFileReference; fileEncoding = 4; lastKnownFileType = sourcecode.c.objc; path = MainViewController.m; sourceTree = "<group>"; };
		95231F141BDB03390060776C /* BasicInfoViewController.h */ = {isa = PBXFileReference; fileEncoding = 4; lastKnownFileType = sourcecode.c.h; path = BasicInfoViewController.h; sourceTree = "<group>"; };
		95231F151BDB03390060776C /* BasicInfoViewController.m */ = {isa = PBXFileReference; fileEncoding = 4; lastKnownFileType = sourcecode.c.objc; path = BasicInfoViewController.m; sourceTree = "<group>"; };
		9F3BE6BF1BDA71660020F023 /* AGHacks.app */ = {isa = PBXFileReference; explicitFileType = wrapper.application; includeInIndex = 0; path = AGHacks.app; sourceTree = BUILT_PRODUCTS_DIR; };
		9F3BE6C31BDA71660020F023 /* main.m */ = {isa = PBXFileReference; lastKnownFileType = sourcecode.c.objc; path = main.m; sourceTree = "<group>"; };
		9F3BE6C51BDA71660020F023 /* AppDelegate.h */ = {isa = PBXFileReference; lastKnownFileType = sourcecode.c.h; path = AppDelegate.h; sourceTree = "<group>"; };
		9F3BE6C61BDA71660020F023 /* AppDelegate.m */ = {isa = PBXFileReference; lastKnownFileType = sourcecode.c.objc; path = AppDelegate.m; sourceTree = "<group>"; };
		9F3BE6C81BDA71660020F023 /* ViewController.h */ = {isa = PBXFileReference; lastKnownFileType = sourcecode.c.h; path = ViewController.h; sourceTree = "<group>"; };
		9F3BE6C91BDA71660020F023 /* ViewController.m */ = {isa = PBXFileReference; lastKnownFileType = sourcecode.c.objc; path = ViewController.m; sourceTree = "<group>"; };
		9F3BE6CC1BDA71660020F023 /* Base */ = {isa = PBXFileReference; lastKnownFileType = file.storyboard; name = Base; path = Base.lproj/Main.storyboard; sourceTree = "<group>"; };
		9F3BE6CE1BDA71660020F023 /* Assets.xcassets */ = {isa = PBXFileReference; lastKnownFileType = folder.assetcatalog; path = Assets.xcassets; sourceTree = "<group>"; };
		9F3BE6D11BDA71660020F023 /* Base */ = {isa = PBXFileReference; lastKnownFileType = file.storyboard; name = Base; path = Base.lproj/LaunchScreen.storyboard; sourceTree = "<group>"; };
		9F3BE6D31BDA71660020F023 /* Info.plist */ = {isa = PBXFileReference; lastKnownFileType = text.plist.xml; path = Info.plist; sourceTree = "<group>"; };
		9FDB68821BDBB65800A50118 /* Gift.h */ = {isa = PBXFileReference; fileEncoding = 4; lastKnownFileType = sourcecode.c.h; path = Gift.h; sourceTree = "<group>"; };
		9FDB68831BDBB65800A50118 /* Gift.m */ = {isa = PBXFileReference; fileEncoding = 4; lastKnownFileType = sourcecode.c.objc; path = Gift.m; sourceTree = "<group>"; };
		9FDB68851BDBB66600A50118 /* GiftManager.h */ = {isa = PBXFileReference; fileEncoding = 4; lastKnownFileType = sourcecode.c.h; path = GiftManager.h; sourceTree = "<group>"; };
		9FDB68861BDBB66600A50118 /* GiftManager.m */ = {isa = PBXFileReference; fileEncoding = 4; lastKnownFileType = sourcecode.c.objc; path = GiftManager.m; sourceTree = "<group>"; };
		9FDB688F1BDBE4A800A50118 /* ChoiceModel.h */ = {isa = PBXFileReference; fileEncoding = 4; lastKnownFileType = sourcecode.c.h; path = ChoiceModel.h; sourceTree = "<group>"; };
		9FDB68901BDBE4A800A50118 /* ChoiceModel.m */ = {isa = PBXFileReference; fileEncoding = 4; lastKnownFileType = sourcecode.c.objc; path = ChoiceModel.m; sourceTree = "<group>"; };
/* End PBXFileReference section */

/* Begin PBXFrameworksBuildPhase section */
		9F3BE6BC1BDA71660020F023 /* Frameworks */ = {
			isa = PBXFrameworksBuildPhase;
			buildActionMask = 2147483647;
			files = (
				3D0375FE0AE930DD2B38F5CF /* Pods_AGHacks.framework in Frameworks */,
			);
			runOnlyForDeploymentPostprocessing = 0;
		};
/* End PBXFrameworksBuildPhase section */

/* Begin PBXGroup section */
		5959B11A092DEE96EC564A2E /* Pods */ = {
			isa = PBXGroup;
			children = (
				2D9F1D0B9373DD06AA8F1527 /* Pods-AGHacks.debug.xcconfig */,
				03479257620B0499A9D8FA2E /* Pods-AGHacks.release.xcconfig */,
			);
			name = Pods;
			sourceTree = "<group>";
		};
		87BE1EF650D18F83A0593FD7 /* Frameworks */ = {
			isa = PBXGroup;
			children = (
				8A58FC0EDB269DAB617F33CC /* Pods_AGHacks.framework */,
			);
			name = Frameworks;
			sourceTree = "<group>";
		};
		951CD2F01BDBB6DB009239AD /* BasicInfo */ = {
			isa = PBXGroup;
			children = (
				95231F141BDB03390060776C /* BasicInfoViewController.h */,
				95231F151BDB03390060776C /* BasicInfoViewController.m */,
			);
			name = BasicInfo;
			sourceTree = "<group>";
		};
		951CD2F11BDBB6EB009239AD /* Categories */ = {
			isa = PBXGroup;
			children = (
				95231F0B1BDAE6470060776C /* UIColor+HexString.h */,
				95231F0C1BDAE6470060776C /* UIColor+HexString.m */,
				95231F0E1BDAE6660060776C /* UIBezierPath+Shapes.h */,
				95231F0F1BDAE6660060776C /* UIBezierPath+Shapes.m */,
				951CD2F21BDBC248009239AD /* UINavigationBar+GiftyNavigationBar.h */,
				951CD2F31BDBC248009239AD /* UINavigationBar+GiftyNavigationBar.m */,
			);
			name = Categories;
			sourceTree = "<group>";
		};
		951CD2F81BDBC3AD009239AD /* Interests */ = {
			isa = PBXGroup;
			children = (
				951CD2F91BDBC3C2009239AD /* Controller */,
				951CD2FA1BDBC3D5009239AD /* View */,
			);
			name = Interests;
			sourceTree = "<group>";
		};
		951CD2F91BDBC3C2009239AD /* Controller */ = {
			isa = PBXGroup;
			children = (
				951CD2F51BDBC2F1009239AD /* InterestsViewController.h */,
				951CD2F61BDBC2F1009239AD /* InterestsViewController.m */,
			);
			name = Controller;
			sourceTree = "<group>";
		};
		951CD2FA1BDBC3D5009239AD /* View */ = {
			isa = PBXGroup;
			children = (
			);
			name = View;
			sourceTree = "<group>";
		};
		951CD2FB1BDBD0F1009239AD /* Map */ = {
			isa = PBXGroup;
			children = (
				951CD2FC1BDBD11D009239AD /* MapViewController.h */,
				951CD2FD1BDBD11D009239AD /* MapViewController.m */,
			);
			name = Map;
			sourceTree = "<group>";
		};
		951CD2FF1BDBD304009239AD /* CharacterInfo */ = {
			isa = PBXGroup;
			children = (
				951CD3001BDBD329009239AD /* CharacterInfoViewController.h */,
				951CD3011BDBD329009239AD /* CharacterInfoViewController.m */,
			);
			name = CharacterInfo;
			sourceTree = "<group>";
		};
		9F3BE6B61BDA71660020F023 = {
			isa = PBXGroup;
			children = (
				9F3BE6C11BDA71660020F023 /* AGHacks */,
				9F3BE6C01BDA71660020F023 /* Products */,
				95231F061BDADD110060776C /* Podfile */,
				5959B11A092DEE96EC564A2E /* Pods */,
				87BE1EF650D18F83A0593FD7 /* Frameworks */,
			);
			sourceTree = "<group>";
		};
		9F3BE6C01BDA71660020F023 /* Products */ = {
			isa = PBXGroup;
			children = (
				9F3BE6BF1BDA71660020F023 /* AGHacks.app */,
			);
			name = Products;
			sourceTree = "<group>";
		};
		9F3BE6C11BDA71660020F023 /* AGHacks */ = {
			isa = PBXGroup;
			children = (
				9F3BE6CB1BDA71660020F023 /* Main.storyboard */,
				9F3BE6D01BDA71660020F023 /* LaunchScreen.storyboard */,
				951CD2F81BDBC3AD009239AD /* Interests */,
				951CD2F11BDBB6EB009239AD /* Categories */,
				951CD2F01BDBB6DB009239AD /* BasicInfo */,
				951CD2FF1BDBD304009239AD /* CharacterInfo */,
				9FDB68811BDBB64900A50118 /* Data */,
				951CD2FB1BDBD0F1009239AD /* Map */,
				9F3BE6C51BDA71660020F023 /* AppDelegate.h */,
				9F3BE6C61BDA71660020F023 /* AppDelegate.m */,
				9F3BE6C81BDA71660020F023 /* ViewController.h */,
				9F3BE6C91BDA71660020F023 /* ViewController.m */,
				95231F081BDAE35F0060776C /* LoaderViewController.h */,
				95231F091BDAE35F0060776C /* LoaderViewController.m */,
				95231F111BDAF1B60060776C /* MainViewController.h */,
				95231F121BDAF1B60060776C /* MainViewController.m */,
				9F3BE6CE1BDA71660020F023 /* Assets.xcassets */,
				9F3BE6D31BDA71660020F023 /* Info.plist */,
				9F3BE6C21BDA71660020F023 /* Supporting Files */,
			);
			path = AGHacks;
			sourceTree = "<group>";
		};
		9F3BE6C21BDA71660020F023 /* Supporting Files */ = {
			isa = PBXGroup;
			children = (
				9F3BE6C31BDA71660020F023 /* main.m */,
			);
			name = "Supporting Files";
			sourceTree = "<group>";
		};
		9FDB68811BDBB64900A50118 /* Data */ = {
			isa = PBXGroup;
			children = (
				9FDB68821BDBB65800A50118 /* Gift.h */,
				9FDB68831BDBB65800A50118 /* Gift.m */,
				9FDB68851BDBB66600A50118 /* GiftManager.h */,
				9FDB68861BDBB66600A50118 /* GiftManager.m */,
				9FDB688F1BDBE4A800A50118 /* ChoiceModel.h */,
				9FDB68901BDBE4A800A50118 /* ChoiceModel.m */,
			);
			name = Data;
			sourceTree = "<group>";
		};
/* End PBXGroup section */

/* Begin PBXNativeTarget section */
		9F3BE6BE1BDA71660020F023 /* AGHacks */ = {
			isa = PBXNativeTarget;
			buildConfigurationList = 9F3BE6D61BDA71660020F023 /* Build configuration list for PBXNativeTarget "AGHacks" */;
			buildPhases = (
				57FF1D99F5D5DFB14D060231 /* Check Pods Manifest.lock */,
				9F3BE6BB1BDA71660020F023 /* Sources */,
				9F3BE6BC1BDA71660020F023 /* Frameworks */,
				9F3BE6BD1BDA71660020F023 /* Resources */,
				C67B5F0ED69B7203920CF2FD /* Embed Pods Frameworks */,
				A58B5FA8EDE76C3F2C214C4C /* Copy Pods Resources */,
			);
			buildRules = (
			);
			dependencies = (
			);
			name = AGHacks;
			productName = AGHacks;
			productReference = 9F3BE6BF1BDA71660020F023 /* AGHacks.app */;
			productType = "com.apple.product-type.application";
		};
/* End PBXNativeTarget section */

/* Begin PBXProject section */
		9F3BE6B71BDA71660020F023 /* Project object */ = {
			isa = PBXProject;
			attributes = {
				LastUpgradeCheck = 0700;
				ORGANIZATIONNAME = VORM;
				TargetAttributes = {
					9F3BE6BE1BDA71660020F023 = {
						CreatedOnToolsVersion = 7.0;
					};
				};
			};
			buildConfigurationList = 9F3BE6BA1BDA71660020F023 /* Build configuration list for PBXProject "AGHacks" */;
			compatibilityVersion = "Xcode 3.2";
			developmentRegion = English;
			hasScannedForEncodings = 0;
			knownRegions = (
				en,
				Base,
			);
			mainGroup = 9F3BE6B61BDA71660020F023;
			productRefGroup = 9F3BE6C01BDA71660020F023 /* Products */;
			projectDirPath = "";
			projectRoot = "";
			targets = (
				9F3BE6BE1BDA71660020F023 /* AGHacks */,
			);
		};
/* End PBXProject section */

/* Begin PBXResourcesBuildPhase section */
		9F3BE6BD1BDA71660020F023 /* Resources */ = {
			isa = PBXResourcesBuildPhase;
			buildActionMask = 2147483647;
			files = (
				9F3BE6D21BDA71660020F023 /* LaunchScreen.storyboard in Resources */,
				9F3BE6CF1BDA71660020F023 /* Assets.xcassets in Resources */,
				95231F071BDADD110060776C /* Podfile in Resources */,
				9F3BE6CD1BDA71660020F023 /* Main.storyboard in Resources */,
			);
			runOnlyForDeploymentPostprocessing = 0;
		};
/* End PBXResourcesBuildPhase section */

/* Begin PBXShellScriptBuildPhase section */
		57FF1D99F5D5DFB14D060231 /* Check Pods Manifest.lock */ = {
			isa = PBXShellScriptBuildPhase;
			buildActionMask = 2147483647;
			files = (
			);
			inputPaths = (
			);
			name = "Check Pods Manifest.lock";
			outputPaths = (
			);
			runOnlyForDeploymentPostprocessing = 0;
			shellPath = /bin/sh;
			shellScript = "diff \"${PODS_ROOT}/../Podfile.lock\" \"${PODS_ROOT}/Manifest.lock\" > /dev/null\nif [[ $? != 0 ]] ; then\n    cat << EOM\nerror: The sandbox is not in sync with the Podfile.lock. Run 'pod install' or update your CocoaPods installation.\nEOM\n    exit 1\nfi\n";
			showEnvVarsInLog = 0;
		};
		A58B5FA8EDE76C3F2C214C4C /* Copy Pods Resources */ = {
			isa = PBXShellScriptBuildPhase;
			buildActionMask = 2147483647;
			files = (
			);
			inputPaths = (
			);
			name = "Copy Pods Resources";
			outputPaths = (
			);
			runOnlyForDeploymentPostprocessing = 0;
			shellPath = /bin/sh;
			shellScript = "\"${SRCROOT}/Pods/Target Support Files/Pods-AGHacks/Pods-AGHacks-resources.sh\"\n";
			showEnvVarsInLog = 0;
		};
		C67B5F0ED69B7203920CF2FD /* Embed Pods Frameworks */ = {
			isa = PBXShellScriptBuildPhase;
			buildActionMask = 2147483647;
			files = (
			);
			inputPaths = (
			);
			name = "Embed Pods Frameworks";
			outputPaths = (
			);
			runOnlyForDeploymentPostprocessing = 0;
			shellPath = /bin/sh;
			shellScript = "\"${SRCROOT}/Pods/Target Support Files/Pods-AGHacks/Pods-AGHacks-frameworks.sh\"\n";
			showEnvVarsInLog = 0;
		};
/* End PBXShellScriptBuildPhase section */

/* Begin PBXSourcesBuildPhase section */
		9F3BE6BB1BDA71660020F023 /* Sources */ = {
			isa = PBXSourcesBuildPhase;
			buildActionMask = 2147483647;
			files = (
				9FDB68841BDBB65800A50118 /* Gift.m in Sources */,
				95231F0D1BDAE6470060776C /* UIColor+HexString.m in Sources */,
				95231F161BDB03390060776C /* BasicInfoViewController.m in Sources */,
				9FDB68871BDBB66600A50118 /* GiftManager.m in Sources */,
				9F3BE6CA1BDA71660020F023 /* ViewController.m in Sources */,
				951CD2F41BDBC248009239AD /* UINavigationBar+GiftyNavigationBar.m in Sources */,
				951CD3021BDBD329009239AD /* CharacterInfoViewController.m in Sources */,
				9F3BE6C71BDA71660020F023 /* AppDelegate.m in Sources */,
				951CD2FE1BDBD11D009239AD /* MapViewController.m in Sources */,
				9F3BE6C41BDA71660020F023 /* main.m in Sources */,
				9FDB68911BDBE4A800A50118 /* ChoiceModel.m in Sources */,
				951CD2F71BDBC2F2009239AD /* InterestsViewController.m in Sources */,
				95231F131BDAF1B60060776C /* MainViewController.m in Sources */,
				95231F0A1BDAE35F0060776C /* LoaderViewController.m in Sources */,
				95231F101BDAE6660060776C /* UIBezierPath+Shapes.m in Sources */,
			);
			runOnlyForDeploymentPostprocessing = 0;
		};
/* End PBXSourcesBuildPhase section */

/* Begin PBXVariantGroup section */
		9F3BE6CB1BDA71660020F023 /* Main.storyboard */ = {
			isa = PBXVariantGroup;
			children = (
				9F3BE6CC1BDA71660020F023 /* Base */,
			);
			name = Main.storyboard;
			sourceTree = "<group>";
		};
		9F3BE6D01BDA71660020F023 /* LaunchScreen.storyboard */ = {
			isa = PBXVariantGroup;
			children = (
				9F3BE6D11BDA71660020F023 /* Base */,
			);
			name = LaunchScreen.storyboard;
			sourceTree = "<group>";
		};
/* End PBXVariantGroup section */

/* Begin XCBuildConfiguration section */
		9F3BE6D41BDA71660020F023 /* Debug */ = {
			isa = XCBuildConfiguration;
			buildSettings = {
				ALWAYS_SEARCH_USER_PATHS = NO;
				CLANG_CXX_LANGUAGE_STANDARD = "gnu++0x";
				CLANG_CXX_LIBRARY = "libc++";
				CLANG_ENABLE_MODULES = YES;
				CLANG_ENABLE_OBJC_ARC = YES;
				CLANG_WARN_BOOL_CONVERSION = YES;
				CLANG_WARN_CONSTANT_CONVERSION = YES;
				CLANG_WARN_DIRECT_OBJC_ISA_USAGE = YES_ERROR;
				CLANG_WARN_EMPTY_BODY = YES;
				CLANG_WARN_ENUM_CONVERSION = YES;
				CLANG_WARN_INT_CONVERSION = YES;
				CLANG_WARN_OBJC_ROOT_CLASS = YES_ERROR;
				CLANG_WARN_UNREACHABLE_CODE = YES;
				CLANG_WARN__DUPLICATE_METHOD_MATCH = YES;
				"CODE_SIGN_IDENTITY[sdk=iphoneos*]" = "iPhone Developer";
				COPY_PHASE_STRIP = NO;
				DEBUG_INFORMATION_FORMAT = dwarf;
				ENABLE_STRICT_OBJC_MSGSEND = YES;
				ENABLE_TESTABILITY = YES;
				GCC_C_LANGUAGE_STANDARD = gnu99;
				GCC_DYNAMIC_NO_PIC = NO;
				GCC_NO_COMMON_BLOCKS = YES;
				GCC_OPTIMIZATION_LEVEL = 0;
				GCC_PREPROCESSOR_DEFINITIONS = (
					"DEBUG=1",
					"$(inherited)",
				);
				GCC_WARN_64_TO_32_BIT_CONVERSION = YES;
				GCC_WARN_ABOUT_RETURN_TYPE = YES_ERROR;
				GCC_WARN_UNDECLARED_SELECTOR = YES;
				GCC_WARN_UNINITIALIZED_AUTOS = YES_AGGRESSIVE;
				GCC_WARN_UNUSED_FUNCTION = YES;
				GCC_WARN_UNUSED_VARIABLE = YES;
				IPHONEOS_DEPLOYMENT_TARGET = 9.0;
				MTL_ENABLE_DEBUG_INFO = YES;
				ONLY_ACTIVE_ARCH = YES;
				SDKROOT = iphoneos;
				TARGETED_DEVICE_FAMILY = "1,2";
			};
			name = Debug;
		};
		9F3BE6D51BDA71660020F023 /* Release */ = {
			isa = XCBuildConfiguration;
			buildSettings = {
				ALWAYS_SEARCH_USER_PATHS = NO;
				CLANG_CXX_LANGUAGE_STANDARD = "gnu++0x";
				CLANG_CXX_LIBRARY = "libc++";
				CLANG_ENABLE_MODULES = YES;
				CLANG_ENABLE_OBJC_ARC = YES;
				CLANG_WARN_BOOL_CONVERSION = YES;
				CLANG_WARN_CONSTANT_CONVERSION = YES;
				CLANG_WARN_DIRECT_OBJC_ISA_USAGE = YES_ERROR;
				CLANG_WARN_EMPTY_BODY = YES;
				CLANG_WARN_ENUM_CONVERSION = YES;
				CLANG_WARN_INT_CONVERSION = YES;
				CLANG_WARN_OBJC_ROOT_CLASS = YES_ERROR;
				CLANG_WARN_UNREACHABLE_CODE = YES;
				CLANG_WARN__DUPLICATE_METHOD_MATCH = YES;
				"CODE_SIGN_IDENTITY[sdk=iphoneos*]" = "iPhone Developer";
				COPY_PHASE_STRIP = NO;
				DEBUG_INFORMATION_FORMAT = "dwarf-with-dsym";
				ENABLE_NS_ASSERTIONS = NO;
				ENABLE_STRICT_OBJC_MSGSEND = YES;
				GCC_C_LANGUAGE_STANDARD = gnu99;
				GCC_NO_COMMON_BLOCKS = YES;
				GCC_WARN_64_TO_32_BIT_CONVERSION = YES;
				GCC_WARN_ABOUT_RETURN_TYPE = YES_ERROR;
				GCC_WARN_UNDECLARED_SELECTOR = YES;
				GCC_WARN_UNINITIALIZED_AUTOS = YES_AGGRESSIVE;
				GCC_WARN_UNUSED_FUNCTION = YES;
				GCC_WARN_UNUSED_VARIABLE = YES;
				IPHONEOS_DEPLOYMENT_TARGET = 9.0;
				MTL_ENABLE_DEBUG_INFO = NO;
				SDKROOT = iphoneos;
				TARGETED_DEVICE_FAMILY = "1,2";
				VALIDATE_PRODUCT = YES;
			};
			name = Release;
		};
		9F3BE6D71BDA71660020F023 /* Debug */ = {
			isa = XCBuildConfiguration;
			baseConfigurationReference = 2D9F1D0B9373DD06AA8F1527 /* Pods-AGHacks.debug.xcconfig */;
			buildSettings = {
				ASSETCATALOG_COMPILER_APPICON_NAME = AppIcon;
				INFOPLIST_FILE = AGHacks/Info.plist;
				IPHONEOS_DEPLOYMENT_TARGET = 8.0;
				LD_RUNPATH_SEARCH_PATHS = "$(inherited) $(CONFIGURATION_BUILD_DIR) @executable_path/Frameworks";
				PRODUCT_BUNDLE_IDENTIFIER = com.vorm.AGHacks;
				PRODUCT_NAME = "$(TARGET_NAME)";
			};
			name = Debug;
		};
		9F3BE6D81BDA71660020F023 /* Release */ = {
			isa = XCBuildConfiguration;
			baseConfigurationReference = 03479257620B0499A9D8FA2E /* Pods-AGHacks.release.xcconfig */;
			buildSettings = {
				ASSETCATALOG_COMPILER_APPICON_NAME = AppIcon;
				INFOPLIST_FILE = AGHacks/Info.plist;
				IPHONEOS_DEPLOYMENT_TARGET = 8.0;
				LD_RUNPATH_SEARCH_PATHS = "$(inherited) $(CONFIGURATION_BUILD_DIR) @executable_path/Frameworks";
				PRODUCT_BUNDLE_IDENTIFIER = com.vorm.AGHacks;
				PRODUCT_NAME = "$(TARGET_NAME)";
			};
			name = Release;
		};
/* End XCBuildConfiguration section */

/* Begin XCConfigurationList section */
		9F3BE6BA1BDA71660020F023 /* Build configuration list for PBXProject "AGHacks" */ = {
			isa = XCConfigurationList;
			buildConfigurations = (
				9F3BE6D41BDA71660020F023 /* Debug */,
				9F3BE6D51BDA71660020F023 /* Release */,
			);
			defaultConfigurationIsVisible = 0;
			defaultConfigurationName = Release;
		};
		9F3BE6D61BDA71660020F023 /* Build configuration list for PBXNativeTarget "AGHacks" */ = {
			isa = XCConfigurationList;
			buildConfigurations = (
				9F3BE6D71BDA71660020F023 /* Debug */,
				9F3BE6D81BDA71660020F023 /* Release */,
			);
			defaultConfigurationIsVisible = 0;
			defaultConfigurationName = Release;
		};
/* End XCConfigurationList section */
	};
	rootObject = 9F3BE6B71BDA71660020F023 /* Project object */;
}
